
Microsoft Visual Studio Solution File, Format Version 12.00
# Visual Studio Version 17
VisualStudioVersion = 17.4.33122.133
MinimumVisualStudioVersion = 10.0.40219.1
Project("{FAE04EC0-301F-11D3-BF4B-00C04F79EFBC}") = "lumia", "lumia\lumia.csproj", "{D101A77C-80B1-414C-85B9-8E9F6681AEC8}"
EndProject
Global
	GlobalSection(SolutionConfigurationPlatforms) = preSolution
		Debug|Any CPU = Debug|Any CPU
		Release|Any CPU = Release|Any CPU
	EndGlobalSection
	GlobalSection(ProjectConfigurationPlatforms) = postSolution
		{D101A77C-80B1-414C-85B9-8E9F6681AEC8}.Debug|Any CPU.ActiveCfg = Debug|Any CPU
		{D101A77C-80B1-414C-85B9-8E9F6681AEC8}.Debug|Any CPU.Build.0 = Debug|Any CPU
		{D101A77C-80B1-414C-85B9-8E9F6681AEC8}.Release|Any CPU.ActiveCfg = Release|Any CPU
		{D101A77C-80B1-414C-85B9-8E9F6681AEC8}.Release|Any CPU.Build.0 = Release|Any CPU
	EndGlobalSection
	GlobalSection(SolutionProperties) = preSolution
		HideSolutionNode = FALSE
	EndGlobalSection
	GlobalSection(ExtensibilityGlobals) = postSolution
		SolutionGuid = {F64C48D2-8620-4B3E-A0C1-6297E5F7660B}
	EndGlobalSection
EndGlobal
